
Microsoft Visual Studio Solution File, Format Version 12.00
# Visual Studio Version 16
VisualStudioVersion = 16.0.29613.14
MinimumVisualStudioVersion = 10.0.40219.1
Project("{FAE04EC0-301F-11D3-BF4B-00C04F79EFBC}") = "DataBaseTemplate", "DataBaseTemplate.csproj", "{91F53A2A-3F3D-4300-94FF-3CB0DB488F34}"
EndProject
Global
	GlobalSection(SolutionConfigurationPlatforms) = preSolution
		Debug|Any CPU = Debug|Any CPU
		Release|Any CPU = Release|Any CPU
	EndGlobalSection
	GlobalSection(ProjectConfigurationPlatforms) = postSolution
		{91F53A2A-3F3D-4300-94FF-3CB0DB488F34}.Debug|Any CPU.ActiveCfg = Debug|Any CPU
		{91F53A2A-3F3D-4300-94FF-3CB0DB488F34}.Debug|Any CPU.Build.0 = Debug|Any CPU
		{91F53A2A-3F3D-4300-94FF-3CB0DB488F34}.Release|Any CPU.ActiveCfg = Release|Any CPU
		{91F53A2A-3F3D-4300-94FF-3CB0DB488F34}.Release|Any CPU.Build.0 = Release|Any CPU
	EndGlobalSection
	GlobalSection(SolutionProperties) = preSolution
		HideSolutionNode = FALSE
	EndGlobalSection
	GlobalSection(ExtensibilityGlobals) = postSolution
		SolutionGuid = {D003C382-11E5-413A-B49A-84EB178F323D}
	EndGlobalSection
EndGlobal
